// !$*UTF8*$!
{
	archiveVersion = 1;
	classes = {
	};
	objectVersion = 56;
	objects = {

/* Begin PBXBuildFile section */
		E536E5F32B206318001F689B /* AppDelegate.swift in Sources */ = {isa = PBXBuildFile; fileRef = E536E5F22B206318001F689B /* AppDelegate.swift */; };
		E536E5F52B206318001F689B /* SceneDelegate.swift in Sources */ = {isa = PBXBuildFile; fileRef = E536E5F42B206318001F689B /* SceneDelegate.swift */; };
		E536E5F72B206318001F689B /* ViewController.swift in Sources */ = {isa = PBXBuildFile; fileRef = E536E5F62B206318001F689B /* ViewController.swift */; };
		E536E5FA2B206318001F689B /* Main.storyboard in Resources */ = {isa = PBXBuildFile; fileRef = E536E5F82B206318001F689B /* Main.storyboard */; };
		E536E5FC2B20631B001F689B /* Assets.xcassets in Resources */ = {isa = PBXBuildFile; fileRef = E536E5FB2B20631B001F689B /* Assets.xcassets */; };
		E536E5FF2B20631B001F689B /* LaunchScreen.storyboard in Resources */ = {isa = PBXBuildFile; fileRef = E536E5FD2B20631B001F689B /* LaunchScreen.storyboard */; };
		E536E6082B206340001F689B /* DiffingFunction.swift in Sources */ = {isa = PBXBuildFile; fileRef = E536E6062B20633F001F689B /* DiffingFunction.swift */; };
		E536E6092B206340001F689B /* RotatingLabel.swift in Sources */ = {isa = PBXBuildFile; fileRef = E536E6072B206340001F689B /* RotatingLabel.swift */; };
/* End PBXBuildFile section */

/* Begin PBXFileReference section */
		E536E5EF2B206318001F689B /* NumberScrollview.app */ = {isa = PBXFileReference; explicitFileType = wrapper.application; includeInIndex = 0; path = NumberScrollview.app; sourceTree = BUILT_PRODUCTS_DIR; };
		E536E5F22B206318001F689B /* AppDelegate.swift */ = {isa = PBXFileReference; lastKnownFileType = sourcecode.swift; path = AppDelegate.swift; sourceTree = "<group>"; };
		E536E5F42B206318001F689B /* SceneDelegate.swift */ = {isa = PBXFileReference; lastKnownFileType = sourcecode.swift; path = SceneDelegate.swift; sourceTree = "<group>"; };
		E536E5F62B206318001F689B /* ViewController.swift */ = {isa = PBXFileReference; lastKnownFileType = sourcecode.swift; path = ViewController.swift; sourceTree = "<group>"; };
		E536E5F92B206318001F689B /* Base */ = {isa = PBXFileReference; lastKnownFileType = file.storyboard; name = Base; path = Base.lproj/Main.storyboard; sourceTree = "<group>"; };
		E536E5FB2B20631B001F689B /* Assets.xcassets */ = {isa = PBXFileReference; lastKnownFileType = folder.assetcatalog; path = Assets.xcassets; sourceTree = "<group>"; };
		E536E5FE2B20631B001F689B /* Base */ = {isa = PBXFileReference; lastKnownFileType = file.storyboard; name = Base; path = Base.lproj/LaunchScreen.storyboard; sourceTree = "<group>"; };
		E536E6002B20631B001F689B /* Info.plist */ = {isa = PBXFileReference; lastKnownFileType = text.plist.xml; path = Info.plist; sourceTree = "<group>"; };
		E536E6062B20633F001F689B /* DiffingFunction.swift */ = {isa = PBXFileReference; fileEncoding = 4; lastKnownFileType = sourcecode.swift; path = DiffingFunction.swift; sourceTree = "<group>"; };
		E536E6072B206340001F689B /* RotatingLabel.swift */ = {isa = PBXFileReference; fileEncoding = 4; lastKnownFileType = sourcecode.swift; path = RotatingLabel.swift; sourceTree = "<group>"; };
/* End PBXFileReference section */

/* Begin PBXFrameworksBuildPhase section */
		E536E5EC2B206318001F689B /* Frameworks */ = {
			isa = PBXFrameworksBuildPhase;
			buildActionMask = 2147483647;
			files = (
			);
			runOnlyForDeploymentPostprocessing = 0;
		};
/* End PBXFrameworksBuildPhase section */

/* Begin PBXGroup section */
		E536E5E62B206318001F689B = {
			isa = PBXGroup;
			children = (
				E536E5F12B206318001F689B /* NumberScrollview */,
				E536E5F02B206318001F689B /* Products */,
			);
			sourceTree = "<group>";
		};
		E536E5F02B206318001F689B /* Products */ = {
			isa = PBXGroup;
			children = (
				E536E5EF2B206318001F689B /* NumberScrollview.app */,
			);
			name = Products;
			sourceTree = "<group>";
		};
		E536E5F12B206318001F689B /* NumberScrollview */ = {
			isa = PBXGroup;
			children = (
				E536E6062B20633F001F689B /* DiffingFunction.swift */,
				E536E6072B206340001F689B /* RotatingLabel.swift */,
				E536E5F22B206318001F689B /* AppDelegate.swift */,
				E536E5F42B206318001F689B /* SceneDelegate.swift */,
				E536E5F62B206318001F689B /* ViewController.swift */,
				E536E5F82B206318001F689B /* Main.storyboard */,
				E536E5FB2B20631B001F689B /* Assets.xcassets */,
				E536E5FD2B20631B001F689B /* LaunchScreen.storyboard */,
				E536E6002B20631B001F689B /* Info.plist */,
			);
			path = NumberScrollview;
			sourceTree = "<group>";
		};
/* End PBXGroup section */

/* Begin PBXNativeTarget section */
		E536E5EE2B206318001F689B /* NumberScrollview */ = {
			isa = PBXNativeTarget;
			buildConfigurationList = E536E6032B20631B001F689B /* Build configuration list for PBXNativeTarget "NumberScrollview" */;
			buildPhases = (
				E536E5EB2B206318001F689B /* Sources */,
				E536E5EC2B206318001F689B /* Frameworks */,
				E536E5ED2B206318001F689B /* Resources */,
			);
			buildRules = (
			);
			dependencies = (
			);
			name = NumberScrollview;
			productName = NumberScrollview;
			productReference = E536E5EF2B206318001F689B /* NumberScrollview.app */;
			productType = "com.apple.product-type.application";
		};
/* End PBXNativeTarget section */

/* Begin PBXProject section */
		E536E5E72B206318001F689B /* Project object */ = {
			isa = PBXProject;
			attributes = {
				BuildIndependentTargetsInParallel = 1;
				LastSwiftUpdateCheck = 1420;
				LastUpgradeCheck = 1420;
				TargetAttributes = {
					E536E5EE2B206318001F689B = {
						CreatedOnToolsVersion = 14.2;
					};
				};
			};
			buildConfigurationList = E536E5EA2B206318001F689B /* Build configuration list for PBXProject "NumberScrollview" */;
			compatibilityVersion = "Xcode 14.0";
			developmentRegion = en;
			hasScannedForEncodings = 0;
			knownRegions = (
				en,
				Base,
			);
			mainGroup = E536E5E62B206318001F689B;
			productRefGroup = E536E5F02B206318001F689B /* Products */;
			projectDirPath = "";
			projectRoot = "";
			targets = (
				E536E5EE2B206318001F689B /* NumberScrollview */,
			);
		};
/* End PBXProject section */

/* Begin PBXResourcesBuildPhase section */
		E536E5ED2B206318001F689B /* Resources */ = {
			isa = PBXResourcesBuildPhase;
			buildActionMask = 2147483647;
			files = (
				E536E5FF2B20631B001F689B /* LaunchScreen.storyboard in Resources */,
				E536E5FC2B20631B001F689B /* Assets.xcassets in Resources */,
				E536E5FA2B206318001F689B /* Main.storyboard in Resources */,
			);
			runOnlyForDeploymentPostprocessing = 0;
		};
/* End PBXResourcesBuildPhase section */

/* Begin PBXSourcesBuildPhase section */
		E536E5EB2B206318001F689B /* Sources */ = {
			isa = PBXSourcesBuildPhase;
			buildActionMask = 2147483647;
			files = (
				E536E5F72B206318001F689B /* ViewController.swift in Sources */,
				E536E6082B206340001F689B /* DiffingFunction.swift in Sources */,
				E536E5F32B206318001F689B /* AppDelegate.swift in Sources */,
				E536E6092B206340001F689B /* RotatingLabel.swift in Sources */,
				E536E5F52B206318001F689B /* SceneDelegate.swift in Sources */,
			);
			runOnlyForDeploymentPostprocessing = 0;
		};
/* End PBXSourcesBuildPhase section */

/* Begin PBXVariantGroup section */
		E536E5F82B206318001F689B /* Main.storyboard */ = {
			isa = PBXVariantGroup;
			children = (
				E536E5F92B206318001F689B /* Base */,
			);
			name = Main.storyboard;
			sourceTree = "<group>";
		};
		E536E5FD2B20631B001F689B /* LaunchScreen.storyboard */ = {
			isa = PBXVariantGroup;
			children = (
				E536E5FE2B20631B001F689B /* Base */,
			);
			name = LaunchScreen.storyboard;
			sourceTree = "<group>";
		};
/* End PBXVariantGroup section */

/* Begin XCBuildConfiguration section */
		E536E6012B20631B001F689B /* Debug */ = {
			isa = XCBuildConfiguration;
			buildSettings = {
				ALWAYS_SEARCH_USER_PATHS = NO;
				CLANG_ANALYZER_NONNULL = YES;
				CLANG_ANALYZER_NUMBER_OBJECT_CONVERSION = YES_AGGRESSIVE;
				CLANG_CXX_LANGUAGE_STANDARD = "gnu++20";
				CLANG_ENABLE_MODULES = YES;
				CLANG_ENABLE_OBJC_ARC = YES;
				CLANG_ENABLE_OBJC_WEAK = YES;
				CLANG_WARN_BLOCK_CAPTURE_AUTORELEASING = YES;
				CLANG_WARN_BOOL_CONVERSION = YES;
				CLANG_WARN_COMMA = YES;
				CLANG_WARN_CONSTANT_CONVERSION = YES;
				CLANG_WARN_DEPRECATED_OBJC_IMPLEMENTATIONS = YES;
				CLANG_WARN_DIRECT_OBJC_ISA_USAGE = YES_ERROR;
				CLANG_WARN_DOCUMENTATION_COMMENTS = YES;
				CLANG_WARN_EMPTY_BODY = YES;
				CLANG_WARN_ENUM_CONVERSION = YES;
				CLANG_WARN_INFINITE_RECURSION = YES;
				CLANG_WARN_INT_CONVERSION = YES;
				CLANG_WARN_NON_LITERAL_NULL_CONVERSION = YES;
				CLANG_WARN_OBJC_IMPLICIT_RETAIN_SELF = YES;
				CLANG_WARN_OBJC_LITERAL_CONVERSION = YES;
				CLANG_WARN_OBJC_ROOT_CLASS = YES_ERROR;
				CLANG_WARN_QUOTED_INCLUDE_IN_FRAMEWORK_HEADER = YES;
				CLANG_WARN_RANGE_LOOP_ANALYSIS = YES;
				CLANG_WARN_STRICT_PROTOTYPES = YES;
				CLANG_WARN_SUSPICIOUS_MOVE = YES;
				CLANG_WARN_UNGUARDED_AVAILABILITY = YES_AGGRESSIVE;
				CLANG_WARN_UNREACHABLE_CODE = YES;
				CLANG_WARN__DUPLICATE_METHOD_MATCH = YES;
				COPY_PHASE_STRIP = NO;
				DEBUG_INFORMATION_FORMAT = dwarf;
				ENABLE_STRICT_OBJC_MSGSEND = YES;
				ENABLE_TESTABILITY = YES;
				GCC_C_LANGUAGE_STANDARD = gnu11;
				GCC_DYNAMIC_NO_PIC = NO;
				GCC_NO_COMMON_BLOCKS = YES;
				GCC_OPTIMIZATION_LEVEL = 0;
				GCC_PREPROCESSOR_DEFINITIONS = (
					"DEBUG=1",
					"$(inherited)",
				);
				GCC_WARN_64_TO_32_BIT_CONVERSION = YES;
				GCC_WARN_ABOUT_RETURN_TYPE = YES_ERROR;
				GCC_WARN_UNDECLARED_SELECTOR = YES;
				GCC_WARN_UNINITIALIZED_AUTOS = YES_AGGRESSIVE;
				GCC_WARN_UNUSED_FUNCTION = YES;
				GCC_WARN_UNUSED_VARIABLE = YES;
				IPHONEOS_DEPLOYMENT_TARGET = 16.2;
				MTL_ENABLE_DEBUG_INFO = INCLUDE_SOURCE;
				MTL_FAST_MATH = YES;
				ONLY_ACTIVE_ARCH = YES;
				SDKROOT = iphoneos;
				SWIFT_ACTIVE_COMPILATION_CONDITIONS = DEBUG;
				SWIFT_OPTIMIZATION_LEVEL = "-Onone";
			};
			name = Debug;
		};
		E536E6022B20631B001F689B /* Release */ = {
			isa = XCBuildConfiguration;
			buildSettings = {
				ALWAYS_SEARCH_USER_PATHS = NO;
				CLANG_ANALYZER_NONNULL = YES;
				CLANG_ANALYZER_NUMBER_OBJECT_CONVERSION = YES_AGGRESSIVE;
				CLANG_CXX_LANGUAGE_STANDARD = "gnu++20";
				CLANG_ENABLE_MODULES = YES;
				CLANG_ENABLE_OBJC_ARC = YES;
				CLANG_ENABLE_OBJC_WEAK = YES;
				CLANG_WARN_BLOCK_CAPTURE_AUTORELEASING = YES;
				CLANG_WARN_BOOL_CONVERSION = YES;
				CLANG_WARN_COMMA = YES;
				CLANG_WARN_CONSTANT_CONVERSION = YES;
				CLANG_WARN_DEPRECATED_OBJC_IMPLEMENTATIONS = YES;
				CLANG_WARN_DIRECT_OBJC_ISA_USAGE = YES_ERROR;
				CLANG_WARN_DOCUMENTATION_COMMENTS = YES;
				CLANG_WARN_EMPTY_BODY = YES;
				CLANG_WARN_ENUM_CONVERSION = YES;
				CLANG_WARN_INFINITE_RECURSION = YES;
				CLANG_WARN_INT_CONVERSION = YES;
				CLANG_WARN_NON_LITERAL_NULL_CONVERSION = YES;
				CLANG_WARN_OBJC_IMPLICIT_RETAIN_SELF = YES;
				CLANG_WARN_OBJC_LITERAL_CONVERSION = YES;
				CLANG_WARN_OBJC_ROOT_CLASS = YES_ERROR;
				CLANG_WARN_QUOTED_INCLUDE_IN_FRAMEWORK_HEADER = YES;
				CLANG_WARN_RANGE_LOOP_ANALYSIS = YES;
				CLANG_WARN_STRICT_PROTOTYPES = YES;
				CLANG_WARN_SUSPICIOUS_MOVE = YES;
				CLANG_WARN_UNGUARDED_AVAILABILITY = YES_AGGRESSIVE;
				CLANG_WARN_UNREACHABLE_CODE = YES;
				CLANG_WARN__DUPLICATE_METHOD_MATCH = YES;
				COPY_PHASE_STRIP = NO;
				DEBUG_INFORMATION_FORMAT = "dwarf-with-dsym";
				ENABLE_NS_ASSERTIONS = NO;
				ENABLE_STRICT_OBJC_MSGSEND = YES;
				GCC_C_LANGUAGE_STANDARD = gnu11;
				GCC_NO_COMMON_BLOCKS = YES;
				GCC_WARN_64_TO_32_BIT_CONVERSION = YES;
				GCC_WARN_ABOUT_RETURN_TYPE = YES_ERROR;
				GCC_WARN_UNDECLARED_SELECTOR = YES;
				GCC_WARN_UNINITIALIZED_AUTOS = YES_AGGRESSIVE;
				GCC_WARN_UNUSED_FUNCTION = YES;
				GCC_WARN_UNUSED_VARIABLE = YES;
				IPHONEOS_DEPLOYMENT_TARGET = 16.2;
				MTL_ENABLE_DEBUG_INFO = NO;
				MTL_FAST_MATH = YES;
				SDKROOT = iphoneos;
				SWIFT_COMPILATION_MODE = wholemodule;
				SWIFT_OPTIMIZATION_LEVEL = "-O";
				VALIDATE_PRODUCT = YES;
			};
			name = Release;
		};
		E536E6042B20631B001F689B /* Debug */ = {
			isa = XCBuildConfiguration;
			buildSettings = {
				ASSETCATALOG_COMPILER_APPICON_NAME = AppIcon;
				ASSETCATALOG_COMPILER_GLOBAL_ACCENT_COLOR_NAME = AccentColor;
				CODE_SIGN_STYLE = Automatic;
				CURRENT_PROJECT_VERSION = 1;
				DEVELOPMENT_TEAM = MCHMY82QD7;
				GENERATE_INFOPLIST_FILE = YES;
				INFOPLIST_FILE = NumberScrollview/Info.plist;
				INFOPLIST_KEY_UIApplicationSupportsIndirectInputEvents = YES;
				INFOPLIST_KEY_UILaunchStoryboardName = LaunchScreen;
				INFOPLIST_KEY_UIMainStoryboardFile = Main;
				INFOPLIST_KEY_UISupportedInterfaceOrientations_iPad = "UIInterfaceOrientationPortrait UIInterfaceOrientationPortraitUpsideDown UIInterfaceOrientationLandscapeLeft UIInterfaceOrientationLandscapeRight";
				INFOPLIST_KEY_UISupportedInterfaceOrientations_iPhone = "UIInterfaceOrientationPortrait UIInterfaceOrientationLandscapeLeft UIInterfaceOrientationLandscapeRight";
				IPHONEOS_DEPLOYMENT_TARGET = 15.0;
				LD_RUNPATH_SEARCH_PATHS = (
					"$(inherited)",
					"@executable_path/Frameworks",
				);
				MARKETING_VERSION = 1.0;
				PRODUCT_BUNDLE_IDENTIFIER = com.DoctorLighthouse.www.InternetHospital.NumberScrollview;
				PRODUCT_NAME = "$(TARGET_NAME)";
				SWIFT_EMIT_LOC_STRINGS = YES;
				SWIFT_VERSION = 5.0;
				TARGETED_DEVICE_FAMILY = "1,2";
			};
			name = Debug;
		};
		E536E6052B20631B001F689B /* Release */ = {
			isa = XCBuildConfiguration;
			buildSettings = {
				ASSETCATALOG_COMPILER_APPICON_NAME = AppIcon;
				ASSETCATALOG_COMPILER_GLOBAL_ACCENT_COLOR_NAME = AccentColor;
				CODE_SIGN_STYLE = Automatic;
				CURRENT_PROJECT_VERSION = 1;
				DEVELOPMENT_TEAM = MCHMY82QD7;
				GENERATE_INFOPLIST_FILE = YES;
				INFOPLIST_FILE = NumberScrollview/Info.plist;
				INFOPLIST_KEY_UIApplicationSupportsIndirectInputEvents = YES;
				INFOPLIST_KEY_UILaunchStoryboardName = LaunchScreen;
				INFOPLIST_KEY_UIMainStoryboardFile = Main;
				INFOPLIST_KEY_UISupportedInterfaceOrientations_iPad = "UIInterfaceOrientationPortrait UIInterfaceOrientationPortraitUpsideDown UIInterfaceOrientationLandscapeLeft UIInterfaceOrientationLandscapeRight";
				INFOPLIST_KEY_UISupportedInterfaceOrientations_iPhone = "UIInterfaceOrientationPortrait UIInterfaceOrientationLandscapeLeft UIInterfaceOrientationLandscapeRight";
				IPHONEOS_DEPLOYMENT_TARGET = 15.0;
				LD_RUNPATH_SEARCH_PATHS = (
					"$(inherited)",
					"@executable_path/Frameworks",
				);
				MARKETING_VERSION = 1.0;
				PRODUCT_BUNDLE_IDENTIFIER = com.DoctorLighthouse.www.InternetHospital.NumberScrollview;
				PRODUCT_NAME = "$(TARGET_NAME)";
				SWIFT_EMIT_LOC_STRINGS = YES;
				SWIFT_VERSION = 5.0;
				TARGETED_DEVICE_FAMILY = "1,2";
			};
			name = Release;
		};
/* End XCBuildConfiguration section */

/* Begin XCConfigurationList section */
		E536E5EA2B206318001F689B /* Build configuration list for PBXProject "NumberScrollview" */ = {
			isa = XCConfigurationList;
			buildConfigurations = (
				E536E6012B20631B001F689B /* Debug */,
				E536E6022B20631B001F689B /* Release */,
			);
			defaultConfigurationIsVisible = 0;
			defaultConfigurationName = Release;
		};
		E536E6032B20631B001F689B /* Build configuration list for PBXNativeTarget "NumberScrollview" */ = {
			isa = XCConfigurationList;
			buildConfigurations = (
				E536E6042B20631B001F689B /* Debug */,
				E536E6052B20631B001F689B /* Release */,
			);
			defaultConfigurationIsVisible = 0;
			defaultConfigurationName = Release;
		};
/* End XCConfigurationList section */
	};
	rootObject = E536E5E72B206318001F689B /* Project object */;
}
